
Microsoft Visual Studio Solution File, Format Version 12.00
# Visual Studio Version 17
Project("{8BC9CEB8-8B4A-11D0-8D11-00A0C91BC942}") = "ALL_BUILD", "ALL_BUILD.vcxproj", "{5E2347F9-2E81-3E3C-9411-38A088B36D52}"
	ProjectSection(ProjectDependencies) = postProject
		{85FE388B-34E9-3379-A481-02B2E1DA49BA} = {85FE388B-34E9-3379-A481-02B2E1DA49BA}
		{C2BC4928-6791-3F82-AD9C-C871F33130C9} = {C2BC4928-6791-3F82-AD9C-C871F33130C9}
		{33EE38AC-DF7A-315D-A55C-182332393DD9} = {33EE38AC-DF7A-315D-A55C-182332393DD9}
		{9F8B019C-B906-3AAD-8CDD-8DC54F175D8E} = {9F8B019C-B906-3AAD-8CDD-8DC54F175D8E}
		{2AEE490A-5E33-349F-BA63-245666F24F38} = {2AEE490A-5E33-349F-BA63-245666F24F38}
		{4BE96259-D9EC-3586-8461-9FAB7A045627} = {4BE96259-D9EC-3586-8461-9FAB7A045627}
		{DA0938BC-26FE-332B-808E-9FF1AEB13535} = {DA0938BC-26FE-332B-808E-9FF1AEB13535}
	EndProjectSection
EndProject
Project("{8BC9CEB8-8B4A-11D0-8D11-00A0C91BC942}") = "INSTALL", "INSTALL.vcxproj", "{ACCDA3B6-CF7C-317E-98D8-ECB6EA7BE6E5}"
	ProjectSection(ProjectDependencies) = postProject
		{5E2347F9-2E81-3E3C-9411-38A088B36D52} = {5E2347F9-2E81-3E3C-9411-38A088B36D52}
		{85FE388B-34E9-3379-A481-02B2E1DA49BA} = {85FE388B-34E9-3379-A481-02B2E1DA49BA}
	EndProjectSection
EndProject
Project("{8BC9CEB8-8B4A-11D0-8D11-00A0C91BC942}") = "ZERO_CHECK", "ZERO_CHECK.vcxproj", "{85FE388B-34E9-3379-A481-02B2E1DA49BA}"
	ProjectSection(ProjectDependencies) = postProject
	EndProjectSection
EndProject
Project("{8BC9CEB8-8B4A-11D0-8D11-00A0C91BC942}") = "sq", "sq\sq.vcxproj", "{C2BC4928-6791-3F82-AD9C-C871F33130C9}"
	ProjectSection(ProjectDependencies) = postProject
		{85FE388B-34E9-3379-A481-02B2E1DA49BA} = {85FE388B-34E9-3379-A481-02B2E1DA49BA}
		{9F8B019C-B906-3AAD-8CDD-8DC54F175D8E} = {9F8B019C-B906-3AAD-8CDD-8DC54F175D8E}
		{4BE96259-D9EC-3586-8461-9FAB7A045627} = {4BE96259-D9EC-3586-8461-9FAB7A045627}
	EndProjectSection
EndProject
Project("{8BC9CEB8-8B4A-11D0-8D11-00A0C91BC942}") = "sq_static", "sq\sq_static.vcxproj", "{33EE38AC-DF7A-315D-A55C-182332393DD9}"
	ProjectSection(ProjectDependencies) = postProject
		{85FE388B-34E9-3379-A481-02B2E1DA49BA} = {85FE388B-34E9-3379-A481-02B2E1DA49BA}
		{2AEE490A-5E33-349F-BA63-245666F24F38} = {2AEE490A-5E33-349F-BA63-245666F24F38}
		{DA0938BC-26FE-332B-808E-9FF1AEB13535} = {DA0938BC-26FE-332B-808E-9FF1AEB13535}
	EndProjectSection
EndProject
Project("{8BC9CEB8-8B4A-11D0-8D11-00A0C91BC942}") = "sqstdlib", "sqstdlib\sqstdlib.vcxproj", "{9F8B019C-B906-3AAD-8CDD-8DC54F175D8E}"
	ProjectSection(ProjectDependencies) = postProject
		{85FE388B-34E9-3379-A481-02B2E1DA49BA} = {85FE388B-34E9-3379-A481-02B2E1DA49BA}
		{4BE96259-D9EC-3586-8461-9FAB7A045627} = {4BE96259-D9EC-3586-8461-9FAB7A045627}
	EndProjectSection
EndProject
Project("{8BC9CEB8-8B4A-11D0-8D11-00A0C91BC942}") = "sqstdlib_static", "sqstdlib\sqstdlib_static.vcxproj", "{2AEE490A-5E33-349F-BA63-245666F24F38}"
	ProjectSection(ProjectDependencies) = postProject
		{85FE388B-34E9-3379-A481-02B2E1DA49BA} = {85FE388B-34E9-3379-A481-02B2E1DA49BA}
	EndProjectSection
EndProject
Project("{8BC9CEB8-8B4A-11D0-8D11-00A0C91BC942}") = "squirrel", "squirrel\squirrel.vcxproj", "{4BE96259-D9EC-3586-8461-9FAB7A045627}"
	ProjectSection(ProjectDependencies) = postProject
		{85FE388B-34E9-3379-A481-02B2E1DA49BA} = {85FE388B-34E9-3379-A481-02B2E1DA49BA}
	EndProjectSection
EndProject
Project("{8BC9CEB8-8B4A-11D0-8D11-00A0C91BC942}") = "squirrel_static", "squirrel\squirrel_static.vcxproj", "{DA0938BC-26FE-332B-808E-9FF1AEB13535}"
	ProjectSection(ProjectDependencies) = postProject
		{85FE388B-34E9-3379-A481-02B2E1DA49BA} = {85FE388B-34E9-3379-A481-02B2E1DA49BA}
	EndProjectSection
EndProject
Global
	GlobalSection(SolutionConfigurationPlatforms) = preSolution
		Debug|x64 = Debug|x64
		Release|x64 = Release|x64
		MinSizeRel|x64 = MinSizeRel|x64
		RelWithDebInfo|x64 = RelWithDebInfo|x64
	EndGlobalSection
	GlobalSection(ProjectConfigurationPlatforms) = postSolution
		{5E2347F9-2E81-3E3C-9411-38A088B36D52}.Debug|x64.ActiveCfg = Debug|x64
		{5E2347F9-2E81-3E3C-9411-38A088B36D52}.Debug|x64.Build.0 = Debug|x64
		{5E2347F9-2E81-3E3C-9411-38A088B36D52}.Release|x64.ActiveCfg = Release|x64
		{5E2347F9-2E81-3E3C-9411-38A088B36D52}.Release|x64.Build.0 = Release|x64
		{5E2347F9-2E81-3E3C-9411-38A088B36D52}.MinSizeRel|x64.ActiveCfg = MinSizeRel|x64
		{5E2347F9-2E81-3E3C-9411-38A088B36D52}.MinSizeRel|x64.Build.0 = MinSizeRel|x64
		{5E2347F9-2E81-3E3C-9411-38A088B36D52}.RelWithDebInfo|x64.ActiveCfg = RelWithDebInfo|x64
		{5E2347F9-2E81-3E3C-9411-38A088B36D52}.RelWithDebInfo|x64.Build.0 = RelWithDebInfo|x64
		{ACCDA3B6-CF7C-317E-98D8-ECB6EA7BE6E5}.Debug|x64.ActiveCfg = Debug|x64
		{ACCDA3B6-CF7C-317E-98D8-ECB6EA7BE6E5}.Release|x64.ActiveCfg = Release|x64
		{ACCDA3B6-CF7C-317E-98D8-ECB6EA7BE6E5}.MinSizeRel|x64.ActiveCfg = MinSizeRel|x64
		{ACCDA3B6-CF7C-317E-98D8-ECB6EA7BE6E5}.RelWithDebInfo|x64.ActiveCfg = RelWithDebInfo|x64
		{85FE388B-34E9-3379-A481-02B2E1DA49BA}.Debug|x64.ActiveCfg = Debug|x64
		{85FE388B-34E9-3379-A481-02B2E1DA49BA}.Debug|x64.Build.0 = Debug|x64
		{85FE388B-34E9-3379-A481-02B2E1DA49BA}.Release|x64.ActiveCfg = Release|x64
		{85FE388B-34E9-3379-A481-02B2E1DA49BA}.Release|x64.Build.0 = Release|x64
		{85FE388B-34E9-3379-A481-02B2E1DA49BA}.MinSizeRel|x64.ActiveCfg = MinSizeRel|x64
		{85FE388B-34E9-3379-A481-02B2E1DA49BA}.MinSizeRel|x64.Build.0 = MinSizeRel|x64
		{85FE388B-34E9-3379-A481-02B2E1DA49BA}.RelWithDebInfo|x64.ActiveCfg = RelWithDebInfo|x64
		{85FE388B-34E9-3379-A481-02B2E1DA49BA}.RelWithDebInfo|x64.Build.0 = RelWithDebInfo|x64
		{C2BC4928-6791-3F82-AD9C-C871F33130C9}.Debug|x64.ActiveCfg = Debug|x64
		{C2BC4928-6791-3F82-AD9C-C871F33130C9}.Debug|x64.Build.0 = Debug|x64
		{C2BC4928-6791-3F82-AD9C-C871F33130C9}.Release|x64.ActiveCfg = Release|x64
		{C2BC4928-6791-3F82-AD9C-C871F33130C9}.Release|x64.Build.0 = Release|x64
		{C2BC4928-6791-3F82-AD9C-C871F33130C9}.MinSizeRel|x64.ActiveCfg = MinSizeRel|x64
		{C2BC4928-6791-3F82-AD9C-C871F33130C9}.MinSizeRel|x64.Build.0 = MinSizeRel|x64
		{C2BC4928-6791-3F82-AD9C-C871F33130C9}.RelWithDebInfo|x64.ActiveCfg = RelWithDebInfo|x64
		{C2BC4928-6791-3F82-AD9C-C871F33130C9}.RelWithDebInfo|x64.Build.0 = RelWithDebInfo|x64
		{33EE38AC-DF7A-315D-A55C-182332393DD9}.Debug|x64.ActiveCfg = Debug|x64
		{33EE38AC-DF7A-315D-A55C-182332393DD9}.Debug|x64.Build.0 = Debug|x64
		{33EE38AC-DF7A-315D-A55C-182332393DD9}.Release|x64.ActiveCfg = Release|x64
		{33EE38AC-DF7A-315D-A55C-182332393DD9}.Release|x64.Build.0 = Release|x64
		{33EE38AC-DF7A-315D-A55C-182332393DD9}.MinSizeRel|x64.ActiveCfg = MinSizeRel|x64
		{33EE38AC-DF7A-315D-A55C-182332393DD9}.MinSizeRel|x64.Build.0 = MinSizeRel|x64
		{33EE38AC-DF7A-315D-A55C-182332393DD9}.RelWithDebInfo|x64.ActiveCfg = RelWithDebInfo|x64
		{33EE38AC-DF7A-315D-A55C-182332393DD9}.RelWithDebInfo|x64.Build.0 = RelWithDebInfo|x64
		{9F8B019C-B906-3AAD-8CDD-8DC54F175D8E}.Debug|x64.ActiveCfg = Debug|x64
		{9F8B019C-B906-3AAD-8CDD-8DC54F175D8E}.Debug|x64.Build.0 = Debug|x64
		{9F8B019C-B906-3AAD-8CDD-8DC54F175D8E}.Release|x64.ActiveCfg = Release|x64
		{9F8B019C-B906-3AAD-8CDD-8DC54F175D8E}.Release|x64.Build.0 = Release|x64
		{9F8B019C-B906-3AAD-8CDD-8DC54F175D8E}.MinSizeRel|x64.ActiveCfg = MinSizeRel|x64
		{9F8B019C-B906-3AAD-8CDD-8DC54F175D8E}.MinSizeRel|x64.Build.0 = MinSizeRel|x64
		{9F8B019C-B906-3AAD-8CDD-8DC54F175D8E}.RelWithDebInfo|x64.ActiveCfg = RelWithDebInfo|x64
		{9F8B019C-B906-3AAD-8CDD-8DC54F175D8E}.RelWithDebInfo|x64.Build.0 = RelWithDebInfo|x64
		{2AEE490A-5E33-349F-BA63-245666F24F38}.Debug|x64.ActiveCfg = Debug|x64
		{2AEE490A-5E33-349F-BA63-245666F24F38}.Debug|x64.Build.0 = Debug|x64
		{2AEE490A-5E33-349F-BA63-245666F24F38}.Release|x64.ActiveCfg = Release|x64
		{2AEE490A-5E33-349F-BA63-245666F24F38}.Release|x64.Build.0 = Release|x64
		{2AEE490A-5E33-349F-BA63-245666F24F38}.MinSizeRel|x64.ActiveCfg = MinSizeRel|x64
		{2AEE490A-5E33-349F-BA63-245666F24F38}.MinSizeRel|x64.Build.0 = MinSizeRel|x64
		{2AEE490A-5E33-349F-BA63-245666F24F38}.RelWithDebInfo|x64.ActiveCfg = RelWithDebInfo|x64
		{2AEE490A-5E33-349F-BA63-245666F24F38}.RelWithDebInfo|x64.Build.0 = RelWithDebInfo|x64
		{4BE96259-D9EC-3586-8461-9FAB7A045627}.Debug|x64.ActiveCfg = Debug|x64
		{4BE96259-D9EC-3586-8461-9FAB7A045627}.Debug|x64.Build.0 = Debug|x64
		{4BE96259-D9EC-3586-8461-9FAB7A045627}.Release|x64.ActiveCfg = Release|x64
		{4BE96259-D9EC-3586-8461-9FAB7A045627}.Release|x64.Build.0 = Release|x64
		{4BE96259-D9EC-3586-8461-9FAB7A045627}.MinSizeRel|x64.ActiveCfg = MinSizeRel|x64
		{4BE96259-D9EC-3586-8461-9FAB7A045627}.MinSizeRel|x64.Build.0 = MinSizeRel|x64
		{4BE96259-D9EC-3586-8461-9FAB7A045627}.RelWithDebInfo|x64.ActiveCfg = RelWithDebInfo|x64
		{4BE96259-D9EC-3586-8461-9FAB7A045627}.RelWithDebInfo|x64.Build.0 = RelWithDebInfo|x64
		{DA0938BC-26FE-332B-808E-9FF1AEB13535}.Debug|x64.ActiveCfg = Debug|x64
		{DA0938BC-26FE-332B-808E-9FF1AEB13535}.Debug|x64.Build.0 = Debug|x64
		{DA0938BC-26FE-332B-808E-9FF1AEB13535}.Release|x64.ActiveCfg = Release|x64
		{DA0938BC-26FE-332B-808E-9FF1AEB13535}.Release|x64.Build.0 = Release|x64
		{DA0938BC-26FE-332B-808E-9FF1AEB13535}.MinSizeRel|x64.ActiveCfg = MinSizeRel|x64
		{DA0938BC-26FE-332B-808E-9FF1AEB13535}.MinSizeRel|x64.Build.0 = MinSizeRel|x64
		{DA0938BC-26FE-332B-808E-9FF1AEB13535}.RelWithDebInfo|x64.ActiveCfg = RelWithDebInfo|x64
		{DA0938BC-26FE-332B-808E-9FF1AEB13535}.RelWithDebInfo|x64.Build.0 = RelWithDebInfo|x64
	EndGlobalSection
	GlobalSection(ExtensibilityGlobals) = postSolution
		SolutionGuid = {79EC0496-32CF-38A1-87ED-33B7417C6918}
	EndGlobalSection
	GlobalSection(ExtensibilityAddIns) = postSolution
	EndGlobalSection
EndGlobal
