<?xml version="1.0" encoding="utf-8"?>
<Project ToolsVersion="17.0" xmlns="http://schemas.microsoft.com/developer/msbuild/2003">
  <ItemGroup>
    <CustomBuild Include="C:\Repos\arceus\src\squirrel3\CMakeFiles\f80cfc740961e8527b0f26daf77be600\INSTALL_force.rule">
      <Filter>CMake Rules</Filter>
    </CustomBuild>
  </ItemGroup>
  <ItemGroup>
    <Filter Include="CMake Rules">
      <UniqueIdentifier>{7F966284-B1C8-3BAA-8FB7-B76E6D7C169A}</UniqueIdentifier>
    </Filter>
  </ItemGroup>
</Project>
