<?xml version="1.0" encoding="utf-8"?>
<Project ToolsVersion="17.0" xmlns="http://schemas.microsoft.com/developer/msbuild/2003">
  <ItemGroup>
    <ClCompile Include="C:\Repos\arceus\src\squirrel3\sqstdlib\sqstdaux.cpp">
      <Filter>Source Files</Filter>
    </ClCompile>
    <ClCompile Include="C:\Repos\arceus\src\squirrel3\sqstdlib\sqstdblob.cpp">
      <Filter>Source Files</Filter>
    </ClCompile>
    <ClCompile Include="C:\Repos\arceus\src\squirrel3\sqstdlib\sqstdio.cpp">
      <Filter>Source Files</Filter>
    </ClCompile>
    <ClCompile Include="C:\Repos\arceus\src\squirrel3\sqstdlib\sqstdmath.cpp">
      <Filter>Source Files</Filter>
    </ClCompile>
    <ClCompile Include="C:\Repos\arceus\src\squirrel3\sqstdlib\sqstdrex.cpp">
      <Filter>Source Files</Filter>
    </ClCompile>
    <ClCompile Include="C:\Repos\arceus\src\squirrel3\sqstdlib\sqstdstream.cpp">
      <Filter>Source Files</Filter>
    </ClCompile>
    <ClCompile Include="C:\Repos\arceus\src\squirrel3\sqstdlib\sqstdstring.cpp">
      <Filter>Source Files</Filter>
    </ClCompile>
    <ClCompile Include="C:\Repos\arceus\src\squirrel3\sqstdlib\sqstdsystem.cpp">
      <Filter>Source Files</Filter>
    </ClCompile>
  </ItemGroup>
  <ItemGroup>
    <CustomBuild Include="C:\Repos\arceus\src\squirrel3\sqstdlib\CMakeLists.txt" />
  </ItemGroup>
  <ItemGroup>
    <Filter Include="Source Files">
      <UniqueIdentifier>{2B4C770B-BF2E-3E14-947A-FDFD5DD03D2C}</UniqueIdentifier>
    </Filter>
  </ItemGroup>
</Project>
